
Microsoft Visual Studio Solution File, Format Version 12.00
# Visual Studio Version 17
VisualStudioVersion = 17.0.31903.59
MinimumVisualStudioVersion = 10.0.40219.1
Project("{2150E333-8FDC-42A3-9474-1A3956D46DE8}") = "src", "src", "{827E0CD3-B72D-47B6-A68D-7590B98EB39B}"
EndProject
Project("{2150E333-8FDC-42A3-9474-1A3956D46DE8}") = "Services", "Services", "{984BB9B3-3FA3-BE33-9484-CAC21695A33C}"
EndProject
Project("{2150E333-8FDC-42A3-9474-1A3956D46DE8}") = "Catalog", "Catalog", "{C91C1CF1-1625-0789-F869-53D87D6277BA}"
EndProject
Project("{FAE04EC0-301F-11D3-BF4B-00C04F79EFBC}") = "Catalog.Domain", "src\Services\Catalog\Catalog.Domain\Catalog.Domain.csproj", "{33498D33-D8EF-4FA7-84A6-D26E30275DDE}"
EndProject
Project("{FAE04EC0-301F-11D3-BF4B-00C04F79EFBC}") = "Catalog.Application", "src\Services\Catalog\Catalog.Application\Catalog.Application.csproj", "{427A64E5-19CA-45D6-9EDE-FC7FBE9054B8}"
EndProject
Project("{FAE04EC0-301F-11D3-BF4B-00C04F79EFBC}") = "Catalog.Infrastructure", "src\Services\Catalog\Catalog.Infrastructure\Catalog.Infrastructure.csproj", "{83FCDE93-851E-40DC-BDE2-636EB218764C}"
EndProject
Project("{FAE04EC0-301F-11D3-BF4B-00C04F79EFBC}") = "Catalog.API", "src\Services\Catalog\Catalog.API\Catalog.API.csproj", "{B62399D1-02C2-4D4B-8F32-D8E9F81CC845}"
EndProject
Project("{2150E333-8FDC-42A3-9474-1A3956D46DE8}") = "tests", "tests", "{0AB3BF05-4346-4AA6-1389-037BE0695223}"
EndProject
Project("{FAE04EC0-301F-11D3-BF4B-00C04F79EFBC}") = "Catalog.UnitTests", "tests\Catalog.UnitTests\Catalog.UnitTests.csproj", "{977DE601-7F9A-439C-844C-A0EDFFF243E5}"
EndProject
Project("{FAE04EC0-301F-11D3-BF4B-00C04F79EFBC}") = "Catalog.IntegrationTests", "tests\Catalog.IntegrationTests\Catalog.IntegrationTests.csproj", "{B62C197D-9CE3-4D19-8DF7-338B3A140E44}"
EndProject
Project("{2150E333-8FDC-42A3-9474-1A3956D46DE8}") = "Booking", "Booking", "{4123167B-43F7-B7D6-9F7F-37C16FB29096}"
EndProject
Project("{FAE04EC0-301F-11D3-BF4B-00C04F79EFBC}") = "Booking.Domain", "src\Services\Booking\Booking.Domain\Booking.Domain.csproj", "{4CF957EE-FA32-4E4A-A2BE-1F0DD395B22D}"
EndProject
Project("{FAE04EC0-301F-11D3-BF4B-00C04F79EFBC}") = "Booking.Application", "src\Services\Booking\Booking.Application\Booking.Application.csproj", "{8087F059-7644-4F59-9D97-162F3A9E8508}"
EndProject
Project("{FAE04EC0-301F-11D3-BF4B-00C04F79EFBC}") = "Booking.Infrastructure", "src\Services\Booking\Booking.Infrastructure\Booking.Infrastructure.csproj", "{C50D89B5-83E5-42C9-A8EF-197073E60E1C}"
EndProject
Project("{FAE04EC0-301F-11D3-BF4B-00C04F79EFBC}") = "Booking.API", "src\Services\Booking\Booking.API\Booking.API.csproj", "{D2FA43A0-4CBD-4E86-A6C8-D7E89827B47F}"
EndProject
Project("{FAE04EC0-301F-11D3-BF4B-00C04F79EFBC}") = "Booking.UnitTests", "tests\Booking.UnitTests\Booking.UnitTests.csproj", "{5B26DA55-6C8A-46BD-8B6E-39F4B666F7E0}"
EndProject
Global
	GlobalSection(SolutionConfigurationPlatforms) = preSolution
		Debug|Any CPU = Debug|Any CPU
		Debug|x64 = Debug|x64
		Debug|x86 = Debug|x86
		Release|Any CPU = Release|Any CPU
		Release|x64 = Release|x64
		Release|x86 = Release|x86
	EndGlobalSection
	GlobalSection(ProjectConfigurationPlatforms) = postSolution
		{33498D33-D8EF-4FA7-84A6-D26E30275DDE}.Debug|Any CPU.ActiveCfg = Debug|Any CPU
		{33498D33-D8EF-4FA7-84A6-D26E30275DDE}.Debug|Any CPU.Build.0 = Debug|Any CPU
		{33498D33-D8EF-4FA7-84A6-D26E30275DDE}.Debug|x64.ActiveCfg = Debug|Any CPU
		{33498D33-D8EF-4FA7-84A6-D26E30275DDE}.Debug|x64.Build.0 = Debug|Any CPU
		{33498D33-D8EF-4FA7-84A6-D26E30275DDE}.Debug|x86.ActiveCfg = Debug|Any CPU
		{33498D33-D8EF-4FA7-84A6-D26E30275DDE}.Debug|x86.Build.0 = Debug|Any CPU
		{33498D33-D8EF-4FA7-84A6-D26E30275DDE}.Release|Any CPU.ActiveCfg = Release|Any CPU
		{33498D33-D8EF-4FA7-84A6-D26E30275DDE}.Release|Any CPU.Build.0 = Release|Any CPU
		{33498D33-D8EF-4FA7-84A6-D26E30275DDE}.Release|x64.ActiveCfg = Release|Any CPU
		{33498D33-D8EF-4FA7-84A6-D26E30275DDE}.Release|x64.Build.0 = Release|Any CPU
		{33498D33-D8EF-4FA7-84A6-D26E30275DDE}.Release|x86.ActiveCfg = Release|Any CPU
		{33498D33-D8EF-4FA7-84A6-D26E30275DDE}.Release|x86.Build.0 = Release|Any CPU
		{427A64E5-19CA-45D6-9EDE-FC7FBE9054B8}.Debug|Any CPU.ActiveCfg = Debug|Any CPU
		{427A64E5-19CA-45D6-9EDE-FC7FBE9054B8}.Debug|Any CPU.Build.0 = Debug|Any CPU
		{427A64E5-19CA-45D6-9EDE-FC7FBE9054B8}.Debug|x64.ActiveCfg = Debug|Any CPU
		{427A64E5-19CA-45D6-9EDE-FC7FBE9054B8}.Debug|x64.Build.0 = Debug|Any CPU
		{427A64E5-19CA-45D6-9EDE-FC7FBE9054B8}.Debug|x86.ActiveCfg = Debug|Any CPU
		{427A64E5-19CA-45D6-9EDE-FC7FBE9054B8}.Debug|x86.Build.0 = Debug|Any CPU
		{427A64E5-19CA-45D6-9EDE-FC7FBE9054B8}.Release|Any CPU.ActiveCfg = Release|Any CPU
		{427A64E5-19CA-45D6-9EDE-FC7FBE9054B8}.Release|Any CPU.Build.0 = Release|Any CPU
		{427A64E5-19CA-45D6-9EDE-FC7FBE9054B8}.Release|x64.ActiveCfg = Release|Any CPU
		{427A64E5-19CA-45D6-9EDE-FC7FBE9054B8}.Release|x64.Build.0 = Release|Any CPU
		{427A64E5-19CA-45D6-9EDE-FC7FBE9054B8}.Release|x86.ActiveCfg = Release|Any CPU
		{427A64E5-19CA-45D6-9EDE-FC7FBE9054B8}.Release|x86.Build.0 = Release|Any CPU
		{83FCDE93-851E-40DC-BDE2-636EB218764C}.Debug|Any CPU.ActiveCfg = Debug|Any CPU
		{83FCDE93-851E-40DC-BDE2-636EB218764C}.Debug|Any CPU.Build.0 = Debug|Any CPU
		{83FCDE93-851E-40DC-BDE2-636EB218764C}.Debug|x64.ActiveCfg = Debug|Any CPU
		{83FCDE93-851E-40DC-BDE2-636EB218764C}.Debug|x64.Build.0 = Debug|Any CPU
		{83FCDE93-851E-40DC-BDE2-636EB218764C}.Debug|x86.ActiveCfg = Debug|Any CPU
		{83FCDE93-851E-40DC-BDE2-636EB218764C}.Debug|x86.Build.0 = Debug|Any CPU
		{83FCDE93-851E-40DC-BDE2-636EB218764C}.Release|Any CPU.ActiveCfg = Release|Any CPU
		{83FCDE93-851E-40DC-BDE2-636EB218764C}.Release|Any CPU.Build.0 = Release|Any CPU
		{83FCDE93-851E-40DC-BDE2-636EB218764C}.Release|x64.ActiveCfg = Release|Any CPU
		{83FCDE93-851E-40DC-BDE2-636EB218764C}.Release|x64.Build.0 = Release|Any CPU
		{83FCDE93-851E-40DC-BDE2-636EB218764C}.Release|x86.ActiveCfg = Release|Any CPU
		{83FCDE93-851E-40DC-BDE2-636EB218764C}.Release|x86.Build.0 = Release|Any CPU
		{B62399D1-02C2-4D4B-8F32-D8E9F81CC845}.Debug|Any CPU.ActiveCfg = Debug|Any CPU
		{B62399D1-02C2-4D4B-8F32-D8E9F81CC845}.Debug|Any CPU.Build.0 = Debug|Any CPU
		{B62399D1-02C2-4D4B-8F32-D8E9F81CC845}.Debug|x64.ActiveCfg = Debug|Any CPU
		{B62399D1-02C2-4D4B-8F32-D8E9F81CC845}.Debug|x64.Build.0 = Debug|Any CPU
		{B62399D1-02C2-4D4B-8F32-D8E9F81CC845}.Debug|x86.ActiveCfg = Debug|Any CPU
		{B62399D1-02C2-4D4B-8F32-D8E9F81CC845}.Debug|x86.Build.0 = Debug|Any CPU
		{B62399D1-02C2-4D4B-8F32-D8E9F81CC845}.Release|Any CPU.ActiveCfg = Release|Any CPU
		{B62399D1-02C2-4D4B-8F32-D8E9F81CC845}.Release|Any CPU.Build.0 = Release|Any CPU
		{B62399D1-02C2-4D4B-8F32-D8E9F81CC845}.Release|x64.ActiveCfg = Release|Any CPU
		{B62399D1-02C2-4D4B-8F32-D8E9F81CC845}.Release|x64.Build.0 = Release|Any CPU
		{B62399D1-02C2-4D4B-8F32-D8E9F81CC845}.Release|x86.ActiveCfg = Release|Any CPU
		{B62399D1-02C2-4D4B-8F32-D8E9F81CC845}.Release|x86.Build.0 = Release|Any CPU
		{977DE601-7F9A-439C-844C-A0EDFFF243E5}.Debug|Any CPU.ActiveCfg = Debug|Any CPU
		{977DE601-7F9A-439C-844C-A0EDFFF243E5}.Debug|Any CPU.Build.0 = Debug|Any CPU
		{977DE601-7F9A-439C-844C-A0EDFFF243E5}.Debug|x64.ActiveCfg = Debug|Any CPU
		{977DE601-7F9A-439C-844C-A0EDFFF243E5}.Debug|x64.Build.0 = Debug|Any CPU
		{977DE601-7F9A-439C-844C-A0EDFFF243E5}.Debug|x86.ActiveCfg = Debug|Any CPU
		{977DE601-7F9A-439C-844C-A0EDFFF243E5}.Debug|x86.Build.0 = Debug|Any CPU
		{977DE601-7F9A-439C-844C-A0EDFFF243E5}.Release|Any CPU.ActiveCfg = Release|Any CPU
		{977DE601-7F9A-439C-844C-A0EDFFF243E5}.Release|Any CPU.Build.0 = Release|Any CPU
		{977DE601-7F9A-439C-844C-A0EDFFF243E5}.Release|x64.ActiveCfg = Release|Any CPU
		{977DE601-7F9A-439C-844C-A0EDFFF243E5}.Release|x64.Build.0 = Release|Any CPU
		{977DE601-7F9A-439C-844C-A0EDFFF243E5}.Release|x86.ActiveCfg = Release|Any CPU
		{977DE601-7F9A-439C-844C-A0EDFFF243E5}.Release|x86.Build.0 = Release|Any CPU
		{B62C197D-9CE3-4D19-8DF7-338B3A140E44}.Debug|Any CPU.ActiveCfg = Debug|Any CPU
		{B62C197D-9CE3-4D19-8DF7-338B3A140E44}.Debug|Any CPU.Build.0 = Debug|Any CPU
		{B62C197D-9CE3-4D19-8DF7-338B3A140E44}.Debug|x64.ActiveCfg = Debug|Any CPU
		{B62C197D-9CE3-4D19-8DF7-338B3A140E44}.Debug|x64.Build.0 = Debug|Any CPU
		{B62C197D-9CE3-4D19-8DF7-338B3A140E44}.Debug|x86.ActiveCfg = Debug|Any CPU
		{B62C197D-9CE3-4D19-8DF7-338B3A140E44}.Debug|x86.Build.0 = Debug|Any CPU
		{B62C197D-9CE3-4D19-8DF7-338B3A140E44}.Release|Any CPU.ActiveCfg = Release|Any CPU
		{B62C197D-9CE3-4D19-8DF7-338B3A140E44}.Release|Any CPU.Build.0 = Release|Any CPU
		{B62C197D-9CE3-4D19-8DF7-338B3A140E44}.Release|x64.ActiveCfg = Release|Any CPU
		{B62C197D-9CE3-4D19-8DF7-338B3A140E44}.Release|x64.Build.0 = Release|Any CPU
		{B62C197D-9CE3-4D19-8DF7-338B3A140E44}.Release|x86.ActiveCfg = Release|Any CPU
		{B62C197D-9CE3-4D19-8DF7-338B3A140E44}.Release|x86.Build.0 = Release|Any CPU
		{4CF957EE-FA32-4E4A-A2BE-1F0DD395B22D}.Debug|Any CPU.ActiveCfg = Debug|Any CPU
		{4CF957EE-FA32-4E4A-A2BE-1F0DD395B22D}.Debug|Any CPU.Build.0 = Debug|Any CPU
		{4CF957EE-FA32-4E4A-A2BE-1F0DD395B22D}.Debug|x64.ActiveCfg = Debug|Any CPU
		{4CF957EE-FA32-4E4A-A2BE-1F0DD395B22D}.Debug|x64.Build.0 = Debug|Any CPU
		{4CF957EE-FA32-4E4A-A2BE-1F0DD395B22D}.Debug|x86.ActiveCfg = Debug|Any CPU
		{4CF957EE-FA32-4E4A-A2BE-1F0DD395B22D}.Debug|x86.Build.0 = Debug|Any CPU
		{4CF957EE-FA32-4E4A-A2BE-1F0DD395B22D}.Release|Any CPU.ActiveCfg = Release|Any CPU
		{4CF957EE-FA32-4E4A-A2BE-1F0DD395B22D}.Release|Any CPU.Build.0 = Release|Any CPU
		{4CF957EE-FA32-4E4A-A2BE-1F0DD395B22D}.Release|x64.ActiveCfg = Release|Any CPU
		{4CF957EE-FA32-4E4A-A2BE-1F0DD395B22D}.Release|x64.Build.0 = Release|Any CPU
		{4CF957EE-FA32-4E4A-A2BE-1F0DD395B22D}.Release|x86.ActiveCfg = Release|Any CPU
		{4CF957EE-FA32-4E4A-A2BE-1F0DD395B22D}.Release|x86.Build.0 = Release|Any CPU
		{8087F059-7644-4F59-9D97-162F3A9E8508}.Debug|Any CPU.ActiveCfg = Debug|Any CPU
		{8087F059-7644-4F59-9D97-162F3A9E8508}.Debug|Any CPU.Build.0 = Debug|Any CPU
		{8087F059-7644-4F59-9D97-162F3A9E8508}.Debug|x64.ActiveCfg = Debug|Any CPU
		{8087F059-7644-4F59-9D97-162F3A9E8508}.Debug|x64.Build.0 = Debug|Any CPU
		{8087F059-7644-4F59-9D97-162F3A9E8508}.Debug|x86.ActiveCfg = Debug|Any CPU
		{8087F059-7644-4F59-9D97-162F3A9E8508}.Debug|x86.Build.0 = Debug|Any CPU
		{8087F059-7644-4F59-9D97-162F3A9E8508}.Release|Any CPU.ActiveCfg = Release|Any CPU
		{8087F059-7644-4F59-9D97-162F3A9E8508}.Release|Any CPU.Build.0 = Release|Any CPU
		{8087F059-7644-4F59-9D97-162F3A9E8508}.Release|x64.ActiveCfg = Release|Any CPU
		{8087F059-7644-4F59-9D97-162F3A9E8508}.Release|x64.Build.0 = Release|Any CPU
		{8087F059-7644-4F59-9D97-162F3A9E8508}.Release|x86.ActiveCfg = Release|Any CPU
		{8087F059-7644-4F59-9D97-162F3A9E8508}.Release|x86.Build.0 = Release|Any CPU
		{C50D89B5-83E5-42C9-A8EF-197073E60E1C}.Debug|Any CPU.ActiveCfg = Debug|Any CPU
		{C50D89B5-83E5-42C9-A8EF-197073E60E1C}.Debug|Any CPU.Build.0 = Debug|Any CPU
		{C50D89B5-83E5-42C9-A8EF-197073E60E1C}.Debug|x64.ActiveCfg = Debug|Any CPU
		{C50D89B5-83E5-42C9-A8EF-197073E60E1C}.Debug|x64.Build.0 = Debug|Any CPU
		{C50D89B5-83E5-42C9-A8EF-197073E60E1C}.Debug|x86.ActiveCfg = Debug|Any CPU
		{C50D89B5-83E5-42C9-A8EF-197073E60E1C}.Debug|x86.Build.0 = Debug|Any CPU
		{C50D89B5-83E5-42C9-A8EF-197073E60E1C}.Release|Any CPU.ActiveCfg = Release|Any CPU
		{C50D89B5-83E5-42C9-A8EF-197073E60E1C}.Release|Any CPU.Build.0 = Release|Any CPU
		{C50D89B5-83E5-42C9-A8EF-197073E60E1C}.Release|x64.ActiveCfg = Release|Any CPU
		{C50D89B5-83E5-42C9-A8EF-197073E60E1C}.Release|x64.Build.0 = Release|Any CPU
		{C50D89B5-83E5-42C9-A8EF-197073E60E1C}.Release|x86.ActiveCfg = Release|Any CPU
		{C50D89B5-83E5-42C9-A8EF-197073E60E1C}.Release|x86.Build.0 = Release|Any CPU
		{D2FA43A0-4CBD-4E86-A6C8-D7E89827B47F}.Debug|Any CPU.ActiveCfg = Debug|Any CPU
		{D2FA43A0-4CBD-4E86-A6C8-D7E89827B47F}.Debug|Any CPU.Build.0 = Debug|Any CPU
		{D2FA43A0-4CBD-4E86-A6C8-D7E89827B47F}.Debug|x64.ActiveCfg = Debug|Any CPU
		{D2FA43A0-4CBD-4E86-A6C8-D7E89827B47F}.Debug|x64.Build.0 = Debug|Any CPU
		{D2FA43A0-4CBD-4E86-A6C8-D7E89827B47F}.Debug|x86.ActiveCfg = Debug|Any CPU
		{D2FA43A0-4CBD-4E86-A6C8-D7E89827B47F}.Debug|x86.Build.0 = Debug|Any CPU
		{D2FA43A0-4CBD-4E86-A6C8-D7E89827B47F}.Release|Any CPU.ActiveCfg = Release|Any CPU
		{D2FA43A0-4CBD-4E86-A6C8-D7E89827B47F}.Release|Any CPU.Build.0 = Release|Any CPU
		{D2FA43A0-4CBD-4E86-A6C8-D7E89827B47F}.Release|x64.ActiveCfg = Release|Any CPU
		{D2FA43A0-4CBD-4E86-A6C8-D7E89827B47F}.Release|x64.Build.0 = Release|Any CPU
		{D2FA43A0-4CBD-4E86-A6C8-D7E89827B47F}.Release|x86.ActiveCfg = Release|Any CPU
		{D2FA43A0-4CBD-4E86-A6C8-D7E89827B47F}.Release|x86.Build.0 = Release|Any CPU
		{5B26DA55-6C8A-46BD-8B6E-39F4B666F7E0}.Debug|Any CPU.ActiveCfg = Debug|Any CPU
		{5B26DA55-6C8A-46BD-8B6E-39F4B666F7E0}.Debug|Any CPU.Build.0 = Debug|Any CPU
		{5B26DA55-6C8A-46BD-8B6E-39F4B666F7E0}.Debug|x64.ActiveCfg = Debug|Any CPU
		{5B26DA55-6C8A-46BD-8B6E-39F4B666F7E0}.Debug|x64.Build.0 = Debug|Any CPU
		{5B26DA55-6C8A-46BD-8B6E-39F4B666F7E0}.Debug|x86.ActiveCfg = Debug|Any CPU
		{5B26DA55-6C8A-46BD-8B6E-39F4B666F7E0}.Debug|x86.Build.0 = Debug|Any CPU
		{5B26DA55-6C8A-46BD-8B6E-39F4B666F7E0}.Release|Any CPU.ActiveCfg = Release|Any CPU
		{5B26DA55-6C8A-46BD-8B6E-39F4B666F7E0}.Release|Any CPU.Build.0 = Release|Any CPU
		{5B26DA55-6C8A-46BD-8B6E-39F4B666F7E0}.Release|x64.ActiveCfg = Release|Any CPU
		{5B26DA55-6C8A-46BD-8B6E-39F4B666F7E0}.Release|x64.Build.0 = Release|Any CPU
		{5B26DA55-6C8A-46BD-8B6E-39F4B666F7E0}.Release|x86.ActiveCfg = Release|Any CPU
		{5B26DA55-6C8A-46BD-8B6E-39F4B666F7E0}.Release|x86.Build.0 = Release|Any CPU
	EndGlobalSection
	GlobalSection(SolutionProperties) = preSolution
		HideSolutionNode = FALSE
	EndGlobalSection
	GlobalSection(NestedProjects) = preSolution
		{984BB9B3-3FA3-BE33-9484-CAC21695A33C} = {827E0CD3-B72D-47B6-A68D-7590B98EB39B}
		{C91C1CF1-1625-0789-F869-53D87D6277BA} = {984BB9B3-3FA3-BE33-9484-CAC21695A33C}
		{33498D33-D8EF-4FA7-84A6-D26E30275DDE} = {C91C1CF1-1625-0789-F869-53D87D6277BA}
		{427A64E5-19CA-45D6-9EDE-FC7FBE9054B8} = {C91C1CF1-1625-0789-F869-53D87D6277BA}
		{83FCDE93-851E-40DC-BDE2-636EB218764C} = {C91C1CF1-1625-0789-F869-53D87D6277BA}
		{B62399D1-02C2-4D4B-8F32-D8E9F81CC845} = {C91C1CF1-1625-0789-F869-53D87D6277BA}
		{977DE601-7F9A-439C-844C-A0EDFFF243E5} = {0AB3BF05-4346-4AA6-1389-037BE0695223}
		{B62C197D-9CE3-4D19-8DF7-338B3A140E44} = {0AB3BF05-4346-4AA6-1389-037BE0695223}
		{4123167B-43F7-B7D6-9F7F-37C16FB29096} = {984BB9B3-3FA3-BE33-9484-CAC21695A33C}
		{4CF957EE-FA32-4E4A-A2BE-1F0DD395B22D} = {4123167B-43F7-B7D6-9F7F-37C16FB29096}
		{8087F059-7644-4F59-9D97-162F3A9E8508} = {4123167B-43F7-B7D6-9F7F-37C16FB29096}
		{C50D89B5-83E5-42C9-A8EF-197073E60E1C} = {4123167B-43F7-B7D6-9F7F-37C16FB29096}
		{D2FA43A0-4CBD-4E86-A6C8-D7E89827B47F} = {4123167B-43F7-B7D6-9F7F-37C16FB29096}
		{5B26DA55-6C8A-46BD-8B6E-39F4B666F7E0} = {0AB3BF05-4346-4AA6-1389-037BE0695223}
	EndGlobalSection
EndGlobal
